
Microsoft Visual Studio Solution File, Format Version 12.00
# Visual Studio 15
Project("{FAE04EC0-301F-11D3-BF4B-00C04F79EFBC}") = "CrimeAnalyzer", "CrimeAnalyzer.csproj", "{62CAA66F-1644-4206-A611-8E1BE97DC0F3}"
EndProject
Global
	GlobalSection(SolutionConfigurationPlatforms) = preSolution
		Debug|Any CPU = Debug|Any CPU
		Release|Any CPU = Release|Any CPU
	EndGlobalSection
	GlobalSection(ProjectConfigurationPlatforms) = postSolution
		{62CAA66F-1644-4206-A611-8E1BE97DC0F3}.Debug|Any CPU.ActiveCfg = Debug|Any CPU
		{62CAA66F-1644-4206-A611-8E1BE97DC0F3}.Debug|Any CPU.Build.0 = Debug|Any CPU
		{62CAA66F-1644-4206-A611-8E1BE97DC0F3}.Release|Any CPU.ActiveCfg = Release|Any CPU
		{62CAA66F-1644-4206-A611-8E1BE97DC0F3}.Release|Any CPU.Build.0 = Release|Any CPU
	EndGlobalSection
EndGlobal
